
Microsoft Visual Studio Solution File, Format Version 12.00
# Visual Studio 14
VisualStudioVersion = 14.0.25420.1
MinimumVisualStudioVersion = 10.0.40219.1
Project("{FAE04EC0-301F-11D3-BF4B-00C04F79EFBC}") = "LuyenThi.Common", "LuyenThi.Common\LuyenThi.Common.csproj", "{F32D48BA-D8A3-4B1D-AA54-B06225EB649D}"
EndProject
Project("{FAE04EC0-301F-11D3-BF4B-00C04F79EFBC}") = "LuyenThi.Data", "LuyenThi.Data\LuyenThi.Data.csproj", "{40817C37-FB46-40E9-9E04-B20FDD7D4F2A}"
EndProject
Project("{FAE04EC0-301F-11D3-BF4B-00C04F79EFBC}") = "LuyenThi.Model", "LuyenThi.Model\LuyenThi.Model.csproj", "{24502C47-42D3-47B5-A837-55CB13EAE739}"
EndProject
Project("{FAE04EC0-301F-11D3-BF4B-00C04F79EFBC}") = "LuyenThi.Service", "LuyenThi.Service\LuyenThi.Service.csproj", "{0CD37B97-7C72-47BD-8CF7-1173C87520DF}"
EndProject
Project("{FAE04EC0-301F-11D3-BF4B-00C04F79EFBC}") = "LuyenThi.Web", "LuyenThi.Web\LuyenThi.Web.csproj", "{30936CDC-E675-41CB-9832-B23EEB0AA5F8}"
EndProject
Project("{FAE04EC0-301F-11D3-BF4B-00C04F79EFBC}") = "Luyenthi.UnitTest", "Luyenthi.UnitTest\Luyenthi.UnitTest.csproj", "{E7713A25-9AF0-489E-8EFF-8FFA670D65CF}"
EndProject
Global
	GlobalSection(SolutionConfigurationPlatforms) = preSolution
		Debug|Any CPU = Debug|Any CPU
		Release|Any CPU = Release|Any CPU
	EndGlobalSection
	GlobalSection(ProjectConfigurationPlatforms) = postSolution
		{F32D48BA-D8A3-4B1D-AA54-B06225EB649D}.Debug|Any CPU.ActiveCfg = Debug|Any CPU
		{F32D48BA-D8A3-4B1D-AA54-B06225EB649D}.Debug|Any CPU.Build.0 = Debug|Any CPU
		{F32D48BA-D8A3-4B1D-AA54-B06225EB649D}.Release|Any CPU.ActiveCfg = Release|Any CPU
		{F32D48BA-D8A3-4B1D-AA54-B06225EB649D}.Release|Any CPU.Build.0 = Release|Any CPU
		{40817C37-FB46-40E9-9E04-B20FDD7D4F2A}.Debug|Any CPU.ActiveCfg = Debug|Any CPU
		{40817C37-FB46-40E9-9E04-B20FDD7D4F2A}.Debug|Any CPU.Build.0 = Debug|Any CPU
		{40817C37-FB46-40E9-9E04-B20FDD7D4F2A}.Release|Any CPU.ActiveCfg = Release|Any CPU
		{40817C37-FB46-40E9-9E04-B20FDD7D4F2A}.Release|Any CPU.Build.0 = Release|Any CPU
		{24502C47-42D3-47B5-A837-55CB13EAE739}.Debug|Any CPU.ActiveCfg = Debug|Any CPU
		{24502C47-42D3-47B5-A837-55CB13EAE739}.Debug|Any CPU.Build.0 = Debug|Any CPU
		{24502C47-42D3-47B5-A837-55CB13EAE739}.Release|Any CPU.ActiveCfg = Release|Any CPU
		{24502C47-42D3-47B5-A837-55CB13EAE739}.Release|Any CPU.Build.0 = Release|Any CPU
		{0CD37B97-7C72-47BD-8CF7-1173C87520DF}.Debug|Any CPU.ActiveCfg = Debug|Any CPU
		{0CD37B97-7C72-47BD-8CF7-1173C87520DF}.Debug|Any CPU.Build.0 = Debug|Any CPU
		{0CD37B97-7C72-47BD-8CF7-1173C87520DF}.Release|Any CPU.ActiveCfg = Release|Any CPU
		{0CD37B97-7C72-47BD-8CF7-1173C87520DF}.Release|Any CPU.Build.0 = Release|Any CPU
		{30936CDC-E675-41CB-9832-B23EEB0AA5F8}.Debug|Any CPU.ActiveCfg = Debug|Any CPU
		{30936CDC-E675-41CB-9832-B23EEB0AA5F8}.Debug|Any CPU.Build.0 = Debug|Any CPU
		{30936CDC-E675-41CB-9832-B23EEB0AA5F8}.Release|Any CPU.ActiveCfg = Release|Any CPU
		{30936CDC-E675-41CB-9832-B23EEB0AA5F8}.Release|Any CPU.Build.0 = Release|Any CPU
		{E7713A25-9AF0-489E-8EFF-8FFA670D65CF}.Debug|Any CPU.ActiveCfg = Debug|Any CPU
		{E7713A25-9AF0-489E-8EFF-8FFA670D65CF}.Debug|Any CPU.Build.0 = Debug|Any CPU
		{E7713A25-9AF0-489E-8EFF-8FFA670D65CF}.Release|Any CPU.ActiveCfg = Release|Any CPU
		{E7713A25-9AF0-489E-8EFF-8FFA670D65CF}.Release|Any CPU.Build.0 = Release|Any CPU
	EndGlobalSection
	GlobalSection(SolutionProperties) = preSolution
		HideSolutionNode = FALSE
	EndGlobalSection
EndGlobal
